github.com/HugoBlox/hugo-blox-builder/modules/blox-bootstrap/v5 v5.9.8-0.20240513194541-c2e9a799f797 h1:4a7ZjpIpfy5m+gK+s7cfWjTI5zJMTO90+Sel5XbWuMw=
github.com/HugoBlox/hugo-blox-builder/modules/blox-bootstrap/v5 v5.9.8-0.20240513194541-c2e9a799f797/go.mod h1:xZiTEEurbEwj/NhZohozvlyLCGVCT2wARHDAJeqKG/c=
github.com/HugoBlox/hugo-blox-builder/modules/blox-bootstrap/v5 v5.9.8-0.20240908170534-4f621dfa3a5a h1:N+T/RfTj/6K9tX6CJNc/U1EhtOW36QyKFapqdiGlQK4=
github.com/HugoBlox/hugo-blox-builder/modules/blox-bootstrap/v5 v5.9.8-0.20240908170534-4f621dfa3a5a/go.mod h1:xZiTEEurbEwj/NhZohozvlyLCGVCT2wARHDAJeqKG/c=
github.com/HugoBlox/hugo-blox-builder/modules/blox-core v0.3.1 h1:6GsVeNtYhzl14LLJRFRV1AonKGq8ZAduep/uiK5oEF4=
github.com/HugoBlox/hugo-blox-builder/modules/blox-core v0.3.1/go.mod h1:So8+V2U+TNxlXmcpZfdDX0muLh3PdJ7z92h30sv3bZg=
github.com/HugoBlox/hugo-blox-builder/modules/blox-core v0.3.2-0.20240908170534-4f621dfa3a5a h1:b5JwoNlaOJ1URxjWyZb5ebptXjy+WjNH15ql5oHbZZc=
github.com/HugoBlox/hugo-blox-builder/modules/blox-core v0.3.2-0.20240908170534-4f621dfa3a5a/go.mod h1:So8+V2U+TNxlXmcpZfdDX0muLh3PdJ7z92h30sv3bZg=
github.com/HugoBlox/hugo-blox-builder/modules/blox-plugin-netlify v1.1.2-0.20240513194541-c2e9a799f797 h1:sqf0QCVjz9NpcrbDNwmSawjdfArJFpqMk2WW4z/XK5E=
github.com/HugoBlox/hugo-blox-builder/modules/blox-plugin-netlify v1.1.2-0.20240513194541-c2e9a799f797/go.mod h1:C7jfxMLv1bEUqbM9XDSmEpfOpS8w06OgqNDEcbuRgL4=
github.com/HugoBlox/hugo-blox-builder/modules/blox-plugin-netlify v1.1.2-0.20240908170534-4f621dfa3a5a h1:wDXvsvFWd6uSSet48NeVw2WKdtpJ76+aXLcmYX+wfSc=
github.com/HugoBlox/hugo-blox-builder/modules/blox-plugin-netlify v1.1.2-0.20240908170534-4f621dfa3a5a/go.mod h1:C7jfxMLv1bEUqbM9XDSmEpfOpS8w06OgqNDEcbuRgL4=
github.com/HugoBlox/hugo-blox-builder/modules/blox-plugin-reveal v1.1.3-0.20240513194541-c2e9a799f797 h1:Z17zyxWiH1qFdlNPryJtfRnKmikUeenEie1oseHFrpY=
github.com/HugoBlox/hugo-blox-builder/modules/blox-plugin-reveal v1.1.3-0.20240513194541-c2e9a799f797/go.mod h1:F7quX1aEkV2pToTpmDBXOSTkytAnCKkqv/JFLclqa2g=
github.com/HugoBlox/hugo-blox-builder/modules/blox-plugin-reveal v1.1.3-0.20240908170534-4f621dfa3a5a h1:FAn7TuvXu1wg1Mh1PtusZ0gN79WNMMvu8gMfG8RSwzs=
github.com/HugoBlox/hugo-blox-builder/modules/blox-plugin-reveal v1.1.3-0.20240908170534-4f621dfa3a5a/go.mod h1:F7quX1aEkV2pToTpmDBXOSTkytAnCKkqv/JFLclqa2g=
github.com/HugoBlox/hugo-blox-builder/modules/blox-seo v0.2.2 h1:ccb5jQLKqiFFht24e6+yW9eie1yIm81/K1xhs7ZHZlM=
github.com/HugoBlox/hugo-blox-builder/modules/blox-seo v0.2.2/go.mod h1:NsESu6cEms1DgH84icCyylElg2Zu8A0f7Fma5JR0LZE=
github.com/HugoBlox/hugo-blox-builder/modules/blox-seo v0.2.3-0.20240908170534-4f621dfa3a5a h1:Gvq9xf2MACv1k0lvg+kExFygQDK6GSorlc5HeFssXVA=
github.com/HugoBlox/hugo-blox-builder/modules/blox-seo v0.2.3-0.20240908170534-4f621dfa3a5a/go.mod h1:NsESu6cEms1DgH84icCyylElg2Zu8A0f7Fma5JR0LZE=
github.com/wowchemy/wowchemy-hugo-modules/wowchemy-cms/v5 v5.0.0-20211231133358-6d4989f90f7a h1:f/NgjHm7mIosNKXlJuLb95waWukCKOedFAr6/nxGsj8=
github.com/wowchemy/wowchemy-hugo-modules/wowchemy-cms/v5 v5.0.0-20211231133358-6d4989f90f7a/go.mod h1:Sp/AKo+2HAPi/IPHp1MEdKPmee+mzO5+efUBUPLPqPE=
github.com/wowchemy/wowchemy-hugo-modules/wowchemy/v5 v5.0.0-20211231133358-6d4989f90f7a h1:mRLbuALXyYdnRJrAQt6QKCy4XeNZEooD+pSKByBjFY0=
github.com/wowchemy/wowchemy-hugo-modules/wowchemy/v5 v5.0.0-20211231133358-6d4989f90f7a/go.mod h1:2iL9rdrUYyJXX2BeHKfK+QbqZlubCsaR60nQ87NRQTY=
